
Microsoft Visual Studio Solution File, Format Version 12.00
# Visual Studio Version 17
VisualStudioVersion = 17.5.33424.131
MinimumVisualStudioVersion = 10.0.40219.1
Project("{FAE04EC0-301F-11D3-BF4B-00C04F79EFBC}") = "#3 Words", "#3 Words.csproj", "{75A51BF3-CDD4-446C-8A23-A9AB14D4D916}"
EndProject
Global
	GlobalSection(SolutionConfigurationPlatforms) = preSolution
		Debug|Any CPU = Debug|Any CPU
		Release|Any CPU = Release|Any CPU
	EndGlobalSection
	GlobalSection(ProjectConfigurationPlatforms) = postSolution
		{75A51BF3-CDD4-446C-8A23-A9AB14D4D916}.Debug|Any CPU.ActiveCfg = Debug|Any CPU
		{75A51BF3-CDD4-446C-8A23-A9AB14D4D916}.Debug|Any CPU.Build.0 = Debug|Any CPU
		{75A51BF3-CDD4-446C-8A23-A9AB14D4D916}.Release|Any CPU.ActiveCfg = Release|Any CPU
		{75A51BF3-CDD4-446C-8A23-A9AB14D4D916}.Release|Any CPU.Build.0 = Release|Any CPU
	EndGlobalSection
	GlobalSection(SolutionProperties) = preSolution
		HideSolutionNode = FALSE
	EndGlobalSection
	GlobalSection(ExtensibilityGlobals) = postSolution
		SolutionGuid = {B9EB7363-0694-409F-814A-3FDE6712A7D8}
	EndGlobalSection
EndGlobal
